
Microsoft Visual Studio Solution File, Format Version 12.00
# Visual Studio 15
VisualStudioVersion = 15.0.26730.16
MinimumVisualStudioVersion = 10.0.40219.1
Project("{9A19103F-16F7-4668-BE54-9A1E7A4F7556}") = "SelfHosted.Console", "SelfHosted.Console\SelfHosted.Console.csproj", "{FF8B4E96-E51B-4D6C-AA92-883DAEFC41C5}"
EndProject
Project("{9A19103F-16F7-4668-BE54-9A1E7A4F7556}") = "SelfHosted.WebApi", "SelfHosted.WebApi\SelfHosted.WebApi.csproj", "{573A36BA-F0D1-4E61-A534-C21B87EC6DCB}"
EndProject
Project("{9A19103F-16F7-4668-BE54-9A1E7A4F7556}") = "SelfHosted.DataAccess", "SelfHosted.DataAccess\SelfHosted.DataAccess.csproj", "{4FC19DDD-D0D1-41B9-A54E-B1AA649CA206}"
EndProject
Project("{9A19103F-16F7-4668-BE54-9A1E7A4F7556}") = "SelfHosted.Models", "SelfHosted.Models\SelfHosted.Models.csproj", "{D88C85C8-7FBE-420A-898F-0FB7E27985C7}"
EndProject
Project("{2150E333-8FDC-42A3-9474-1A3956D46DE8}") = "00_SolutionItems", "00_SolutionItems", "{DDA2EC4A-E49A-4F8A-8EE6-0C5C77D7DA2B}"
	ProjectSection(SolutionItems) = preProject
		Architecture.dgml = Architecture.dgml
		Console.dgml = Console.dgml
	EndProjectSection
EndProject
Project("{9A19103F-16F7-4668-BE54-9A1E7A4F7556}") = "SelfHosted.WebApiClients", "SelfHosted.WebApiClients\SelfHosted.WebApiClients.csproj", "{E208ABE7-5823-46ED-9D04-29E6D91B70CF}"
EndProject
Project("{9A19103F-16F7-4668-BE54-9A1E7A4F7556}") = "SelfHosted.Website", "SelfHosted.Website\SelfHosted.Website.csproj", "{79A5BEAD-2E18-4864-8EED-ACCE2169B058}"
EndProject
Project("{2150E333-8FDC-42A3-9474-1A3956D46DE8}") = "01_WebAPIs", "01_WebAPIs", "{98F2FBE6-FD6C-42F5-AB30-EA1B49B8F3FC}"
EndProject
Project("{2150E333-8FDC-42A3-9474-1A3956D46DE8}") = "02_Websites", "02_Websites", "{51BA96E2-3122-431E-9309-3AA685B31F53}"
EndProject
Global
	GlobalSection(SolutionConfigurationPlatforms) = preSolution
		Debug|Any CPU = Debug|Any CPU
		Release|Any CPU = Release|Any CPU
	EndGlobalSection
	GlobalSection(ProjectConfigurationPlatforms) = postSolution
		{FF8B4E96-E51B-4D6C-AA92-883DAEFC41C5}.Debug|Any CPU.ActiveCfg = Debug|Any CPU
		{FF8B4E96-E51B-4D6C-AA92-883DAEFC41C5}.Debug|Any CPU.Build.0 = Debug|Any CPU
		{FF8B4E96-E51B-4D6C-AA92-883DAEFC41C5}.Release|Any CPU.ActiveCfg = Release|Any CPU
		{FF8B4E96-E51B-4D6C-AA92-883DAEFC41C5}.Release|Any CPU.Build.0 = Release|Any CPU
		{573A36BA-F0D1-4E61-A534-C21B87EC6DCB}.Debug|Any CPU.ActiveCfg = Debug|Any CPU
		{573A36BA-F0D1-4E61-A534-C21B87EC6DCB}.Debug|Any CPU.Build.0 = Debug|Any CPU
		{573A36BA-F0D1-4E61-A534-C21B87EC6DCB}.Release|Any CPU.ActiveCfg = Release|Any CPU
		{573A36BA-F0D1-4E61-A534-C21B87EC6DCB}.Release|Any CPU.Build.0 = Release|Any CPU
		{4FC19DDD-D0D1-41B9-A54E-B1AA649CA206}.Debug|Any CPU.ActiveCfg = Debug|Any CPU
		{4FC19DDD-D0D1-41B9-A54E-B1AA649CA206}.Debug|Any CPU.Build.0 = Debug|Any CPU
		{4FC19DDD-D0D1-41B9-A54E-B1AA649CA206}.Release|Any CPU.ActiveCfg = Release|Any CPU
		{4FC19DDD-D0D1-41B9-A54E-B1AA649CA206}.Release|Any CPU.Build.0 = Release|Any CPU
		{D88C85C8-7FBE-420A-898F-0FB7E27985C7}.Debug|Any CPU.ActiveCfg = Debug|Any CPU
		{D88C85C8-7FBE-420A-898F-0FB7E27985C7}.Debug|Any CPU.Build.0 = Debug|Any CPU
		{D88C85C8-7FBE-420A-898F-0FB7E27985C7}.Release|Any CPU.ActiveCfg = Release|Any CPU
		{D88C85C8-7FBE-420A-898F-0FB7E27985C7}.Release|Any CPU.Build.0 = Release|Any CPU
		{E208ABE7-5823-46ED-9D04-29E6D91B70CF}.Debug|Any CPU.ActiveCfg = Debug|Any CPU
		{E208ABE7-5823-46ED-9D04-29E6D91B70CF}.Debug|Any CPU.Build.0 = Debug|Any CPU
		{E208ABE7-5823-46ED-9D04-29E6D91B70CF}.Release|Any CPU.ActiveCfg = Release|Any CPU
		{E208ABE7-5823-46ED-9D04-29E6D91B70CF}.Release|Any CPU.Build.0 = Release|Any CPU
		{79A5BEAD-2E18-4864-8EED-ACCE2169B058}.Debug|Any CPU.ActiveCfg = Debug|Any CPU
		{79A5BEAD-2E18-4864-8EED-ACCE2169B058}.Debug|Any CPU.Build.0 = Debug|Any CPU
		{79A5BEAD-2E18-4864-8EED-ACCE2169B058}.Release|Any CPU.ActiveCfg = Release|Any CPU
		{79A5BEAD-2E18-4864-8EED-ACCE2169B058}.Release|Any CPU.Build.0 = Release|Any CPU
	EndGlobalSection
	GlobalSection(SolutionProperties) = preSolution
		HideSolutionNode = FALSE
	EndGlobalSection
	GlobalSection(NestedProjects) = preSolution
		{573A36BA-F0D1-4E61-A534-C21B87EC6DCB} = {98F2FBE6-FD6C-42F5-AB30-EA1B49B8F3FC}
		{4FC19DDD-D0D1-41B9-A54E-B1AA649CA206} = {98F2FBE6-FD6C-42F5-AB30-EA1B49B8F3FC}
		{D88C85C8-7FBE-420A-898F-0FB7E27985C7} = {98F2FBE6-FD6C-42F5-AB30-EA1B49B8F3FC}
		{E208ABE7-5823-46ED-9D04-29E6D91B70CF} = {98F2FBE6-FD6C-42F5-AB30-EA1B49B8F3FC}
		{79A5BEAD-2E18-4864-8EED-ACCE2169B058} = {51BA96E2-3122-431E-9309-3AA685B31F53}
	EndGlobalSection
	GlobalSection(ExtensibilityGlobals) = postSolution
		SolutionGuid = {C388E07B-AEEE-4527-A4D8-63C57A664982}
	EndGlobalSection
EndGlobal
